
Microsoft Visual Studio Solution File, Format Version 12.00
# Visual Studio 15
VisualStudioVersion = 15.0.28010.2041
MinimumVisualStudioVersion = 10.0.40219.1
Project("{F184B08F-C81C-45F6-A57F-5ABD9991F28F}") = "MoveDataRow_UpDown", "MoveDataRow_UpDown\MoveDataRow_UpDown.vbproj", "{005747D9-E520-4D61-BB21-50EF1A9F7A46}"
EndProject
Project("{F184B08F-C81C-45F6-A57F-5ABD9991F28F}") = "BaseConnectionLibrary", "BaseConnectionLibrary\BaseConnectionLibrary.vbproj", "{3C200ADF-618C-4D36-98FB-B5298AFFA934}"
EndProject
Project("{2150E333-8FDC-42A3-9474-1A3956D46DE8}") = "Libraries", "Libraries", "{DE2C21F6-5464-45E3-928A-E80AB3FF18A8}"
EndProject
Project("{2150E333-8FDC-42A3-9474-1A3956D46DE8}") = "Examples", "Examples", "{DAE51CB9-48D6-46C3-B32B-7A459D0BD293}"
EndProject
Global
	GlobalSection(SolutionConfigurationPlatforms) = preSolution
		Debug|Any CPU = Debug|Any CPU
		Debug|x86 = Debug|x86
		Release|Any CPU = Release|Any CPU
		Release|x86 = Release|x86
	EndGlobalSection
	GlobalSection(ProjectConfigurationPlatforms) = postSolution
		{005747D9-E520-4D61-BB21-50EF1A9F7A46}.Debug|Any CPU.ActiveCfg = Debug|x86
		{005747D9-E520-4D61-BB21-50EF1A9F7A46}.Debug|x86.ActiveCfg = Debug|x86
		{005747D9-E520-4D61-BB21-50EF1A9F7A46}.Debug|x86.Build.0 = Debug|x86
		{005747D9-E520-4D61-BB21-50EF1A9F7A46}.Release|Any CPU.ActiveCfg = Release|x86
		{005747D9-E520-4D61-BB21-50EF1A9F7A46}.Release|x86.ActiveCfg = Release|x86
		{005747D9-E520-4D61-BB21-50EF1A9F7A46}.Release|x86.Build.0 = Release|x86
		{3C200ADF-618C-4D36-98FB-B5298AFFA934}.Debug|Any CPU.ActiveCfg = Debug|Any CPU
		{3C200ADF-618C-4D36-98FB-B5298AFFA934}.Debug|Any CPU.Build.0 = Debug|Any CPU
		{3C200ADF-618C-4D36-98FB-B5298AFFA934}.Debug|x86.ActiveCfg = Debug|Any CPU
		{3C200ADF-618C-4D36-98FB-B5298AFFA934}.Debug|x86.Build.0 = Debug|Any CPU
		{3C200ADF-618C-4D36-98FB-B5298AFFA934}.Release|Any CPU.ActiveCfg = Release|Any CPU
		{3C200ADF-618C-4D36-98FB-B5298AFFA934}.Release|Any CPU.Build.0 = Release|Any CPU
		{3C200ADF-618C-4D36-98FB-B5298AFFA934}.Release|x86.ActiveCfg = Release|Any CPU
		{3C200ADF-618C-4D36-98FB-B5298AFFA934}.Release|x86.Build.0 = Release|Any CPU
	EndGlobalSection
	GlobalSection(SolutionProperties) = preSolution
		HideSolutionNode = FALSE
	EndGlobalSection
	GlobalSection(NestedProjects) = preSolution
		{005747D9-E520-4D61-BB21-50EF1A9F7A46} = {DAE51CB9-48D6-46C3-B32B-7A459D0BD293}
		{3C200ADF-618C-4D36-98FB-B5298AFFA934} = {DE2C21F6-5464-45E3-928A-E80AB3FF18A8}
	EndGlobalSection
	GlobalSection(ExtensibilityGlobals) = postSolution
		SolutionGuid = {9C5697D8-8137-4905-8ECF-840951377213}
	EndGlobalSection
EndGlobal
